// !$*UTF8*$!
{
	archiveVersion = 1;
	classes = {
	};
	objectVersion = 51;
	objects = {

/* Begin PBXBuildFile section */
		78930F0425DE9B0FC818FCB6 /* Pods_RecipeBook.framework in Frameworks */ = {isa = PBXBuildFile; fileRef = 923CC8623C323F50B9DACB46 /* Pods_RecipeBook.framework */; };
		9174978D2FC2953EF6F7E71B /* Pods_RecipeBookTests.framework in Frameworks */ = {isa = PBXBuildFile; fileRef = E4859D0A8A88FFF79BF583E1 /* Pods_RecipeBookTests.framework */; };
		D7573356C81C83DBE43DBCC6 /* Pods_RecipeBook_RecipeBookUITests.framework in Frameworks */ = {isa = PBXBuildFile; fileRef = D8F261225B5C037731FB6E54 /* Pods_RecipeBook_RecipeBookUITests.framework */; };
		F703C95F27ECE13200B8048E /* UIAlertController.swift in Sources */ = {isa = PBXBuildFile; fileRef = F703C95E27ECE13200B8048E /* UIAlertController.swift */; };
		F705881C27D4E9AA006394EC /* UIActivityIndicatorView.swift in Sources */ = {isa = PBXBuildFile; fileRef = F705881B27D4E9AA006394EC /* UIActivityIndicatorView.swift */; };
		F7090E0727BCBBCF00069D79 /* GradientView.swift in Sources */ = {isa = PBXBuildFile; fileRef = F7090E0627BCBBCF00069D79 /* GradientView.swift */; };
		F713438E27E9B5E600343C44 /* [String].swift in Sources */ = {isa = PBXBuildFile; fileRef = F713438D27E9B5E600343C44 /* [String].swift */; };
		F713439327EA01CC00343C44 /* FilterTextField.swift in Sources */ = {isa = PBXBuildFile; fileRef = F713439227EA01CC00343C44 /* FilterTextField.swift */; };
		F72D48AE27C4AE5400792DE3 /* Date.swift in Sources */ = {isa = PBXBuildFile; fileRef = F72D48AD27C4AE5400792DE3 /* Date.swift */; };
		F74355F727CB37FB008F8693 /* SearchTableViewCell.swift in Sources */ = {isa = PBXBuildFile; fileRef = F74355F627CB37FB008F8693 /* SearchTableViewCell.swift */; };
		F743560427CB9790008F8693 /* NetworkService.swift in Sources */ = {isa = PBXBuildFile; fileRef = F743560327CB9790008F8693 /* NetworkService.swift */; };
		F743560927CBA2A2008F8693 /* SearchType.swift in Sources */ = {isa = PBXBuildFile; fileRef = F743560827CBA2A2008F8693 /* SearchType.swift */; };
		F7612D1E27D8F574009D4142 /* UIImage.swift in Sources */ = {isa = PBXBuildFile; fileRef = F7612D1D27D8F574009D4142 /* UIImage.swift */; };
		F768E1E427BA115700F1D61B /* UIColor.swift in Sources */ = {isa = PBXBuildFile; fileRef = F768E1E327BA115700F1D61B /* UIColor.swift */; };
		F768E1FF27BA84CA00F1D61B /* MealCollectionView.swift in Sources */ = {isa = PBXBuildFile; fileRef = F768E1FE27BA84CA00F1D61B /* MealCollectionView.swift */; };
		F768E20527BA883300F1D61B /* RecipeModel.swift in Sources */ = {isa = PBXBuildFile; fileRef = F768E20427BA883300F1D61B /* RecipeModel.swift */; };
		F768E21027BA89B200F1D61B /* MealCollectionViewCell.swift in Sources */ = {isa = PBXBuildFile; fileRef = F768E20F27BA89B200F1D61B /* MealCollectionViewCell.swift */; };
		F76A85F827C9F83500D284F0 /* SearchTableViewController.swift in Sources */ = {isa = PBXBuildFile; fileRef = F76A85F727C9F83500D284F0 /* SearchTableViewController.swift */; };
		F77A237B27EDE7B600141531 /* DetailView.swift in Sources */ = {isa = PBXBuildFile; fileRef = F77A237A27EDE7B600141531 /* DetailView.swift */; };
		F77A238027EDE7C600141531 /* DetailViewController.swift in Sources */ = {isa = PBXBuildFile; fileRef = F77A237F27EDE7C600141531 /* DetailViewController.swift */; };
		F77D673727B8D576001F02E9 /* AppDelegate.swift in Sources */ = {isa = PBXBuildFile; fileRef = F77D673627B8D576001F02E9 /* AppDelegate.swift */; };
		F77D673927B8D576001F02E9 /* SceneDelegate.swift in Sources */ = {isa = PBXBuildFile; fileRef = F77D673827B8D576001F02E9 /* SceneDelegate.swift */; };
		F77D674127B8D576001F02E9 /* RecipeBook.xcdatamodeld in Sources */ = {isa = PBXBuildFile; fileRef = F77D673F27B8D576001F02E9 /* RecipeBook.xcdatamodeld */; };
		F77D674327B8D578001F02E9 /* Assets.xcassets in Resources */ = {isa = PBXBuildFile; fileRef = F77D674227B8D578001F02E9 /* Assets.xcassets */; };
		F77D675127B8D578001F02E9 /* RecipeBookTests.swift in Sources */ = {isa = PBXBuildFile; fileRef = F77D675027B8D578001F02E9 /* RecipeBookTests.swift */; };
		F77D675C27B8D578001F02E9 /* RecipeBookUITests.swift in Sources */ = {isa = PBXBuildFile; fileRef = F77D675B27B8D578001F02E9 /* RecipeBookUITests.swift */; };
		F77D677127B8D7DD001F02E9 /* CView.swift in Sources */ = {isa = PBXBuildFile; fileRef = F77D677027B8D7DD001F02E9 /* CView.swift */; };
		F77D677927B8D7EA001F02E9 /* CViewController.swift in Sources */ = {isa = PBXBuildFile; fileRef = F77D677827B8D7EA001F02E9 /* CViewController.swift */; };
		F77D678A27B8E654001F02E9 /* HomeViewController.swift in Sources */ = {isa = PBXBuildFile; fileRef = F77D678927B8E654001F02E9 /* HomeViewController.swift */; };
		F77D678F27B8E661001F02E9 /* HomeView.swift in Sources */ = {isa = PBXBuildFile; fileRef = F77D678E27B8E661001F02E9 /* HomeView.swift */; };
		F790DAD827F0CB88005B0ED3 /* StringProtocol.swift in Sources */ = {isa = PBXBuildFile; fileRef = F790DAD727F0CB88005B0ED3 /* StringProtocol.swift */; };
		F7940E2D27E83B26000B0CFB /* FilterViewController.swift in Sources */ = {isa = PBXBuildFile; fileRef = F7940E2C27E83B26000B0CFB /* FilterViewController.swift */; };
		F7940E3527E85BFC000B0CFB /* FilterParameters.swift in Sources */ = {isa = PBXBuildFile; fileRef = F7940E3427E85BFC000B0CFB /* FilterParameters.swift */; };
		F79ED0E227EB3B7000857CF0 /* APIKeys.swift in Sources */ = {isa = PBXBuildFile; fileRef = F79ED0E127EB3B7000857CF0 /* APIKeys.swift */; };
		F7A32B6627BDFFEE009AD53F /* PopularCollectionView.swift in Sources */ = {isa = PBXBuildFile; fileRef = F7A32B6527BDFFEE009AD53F /* PopularCollectionView.swift */; };
		F7A32B6B27BE0001009AD53F /* PopularCollectionViewCell.swift in Sources */ = {isa = PBXBuildFile; fileRef = F7A32B6A27BE0001009AD53F /* PopularCollectionViewCell.swift */; };
		F7B3BFAC27CCCEF700EEC050 /* Endpoint.swift in Sources */ = {isa = PBXBuildFile; fileRef = F7B3BFAB27CCCEF700EEC050 /* Endpoint.swift */; };
		F7B3BFCC27CD01CD00EEC050 /* NetworkError.swift in Sources */ = {isa = PBXBuildFile; fileRef = F7B3BFCB27CD01CD00EEC050 /* NetworkError.swift */; };
		F7BC912227EF563A0095D7E1 /* NutritionView.swift in Sources */ = {isa = PBXBuildFile; fileRef = F7BC912127EF563A0095D7E1 /* NutritionView.swift */; };
		F7C8A4B127F049D200544F88 /* IngredientsCollectionView.swift in Sources */ = {isa = PBXBuildFile; fileRef = F7C8A4B027F049D200544F88 /* IngredientsCollectionView.swift */; };
		F7CC844727D5DBB5004EE60C /* SearchTableView.swift in Sources */ = {isa = PBXBuildFile; fileRef = F7CC844627D5DBB5004EE60C /* SearchTableView.swift */; };
		F7CE36FF27CE70F100B30FD9 /* TimeLogic.swift in Sources */ = {isa = PBXBuildFile; fileRef = F7CE36FE27CE70F100B30FD9 /* TimeLogic.swift */; };
		F7D341F127DA259C00EDAB1D /* RecipesSearchBar.swift in Sources */ = {isa = PBXBuildFile; fileRef = F7D341F027DA259C00EDAB1D /* RecipesSearchBar.swift */; };
		F7D341F927DA35AA00EDAB1D /* RecipesSearchController.swift in Sources */ = {isa = PBXBuildFile; fileRef = F7D341F827DA35AA00EDAB1D /* RecipesSearchController.swift */; };
		F7E374EA27CF8FD700A8835C /* ImageType.swift in Sources */ = {isa = PBXBuildFile; fileRef = F7E374E927CF8FD700A8835C /* ImageType.swift */; };
		F7EB749427BA995200F24714 /* Constants.swift in Sources */ = {isa = PBXBuildFile; fileRef = F7EB749327BA995200F24714 /* Constants.swift */; };
		F7F417F727D39C40003654E2 /* RecipesCollectionViewController.swift in Sources */ = {isa = PBXBuildFile; fileRef = F7F417F627D39C40003654E2 /* RecipesCollectionViewController.swift */; };
		F7F6FD2E27E21AEE000C70DC /* FilterView.swift in Sources */ = {isa = PBXBuildFile; fileRef = F7F6FD2D27E21AEE000C70DC /* FilterView.swift */; };
/* End PBXBuildFile section */

/* Begin PBXContainerItemProxy section */
		F77D674D27B8D578001F02E9 /* PBXContainerItemProxy */ = {
			isa = PBXContainerItemProxy;
			containerPortal = F77D672B27B8D576001F02E9 /* Project object */;
			proxyType = 1;
			remoteGlobalIDString = F77D673227B8D576001F02E9;
			remoteInfo = RecipeBook;
		};
		F77D675827B8D578001F02E9 /* PBXContainerItemProxy */ = {
			isa = PBXContainerItemProxy;
			containerPortal = F77D672B27B8D576001F02E9 /* Project object */;
			proxyType = 1;
			remoteGlobalIDString = F77D673227B8D576001F02E9;
			remoteInfo = RecipeBook;
		};
/* End PBXContainerItemProxy section */

/* Begin PBXFileReference section */
		10ACB6084EBA34A5B3F46E34 /* Pods-RecipeBookTests.debug.xcconfig */ = {isa = PBXFileReference; includeInIndex = 1; lastKnownFileType = text.xcconfig; name = "Pods-RecipeBookTests.debug.xcconfig"; path = "Target Support Files/Pods-RecipeBookTests/Pods-RecipeBookTests.debug.xcconfig"; sourceTree = "<group>"; };
		138322C13057DFCB68FDC6CD /* Pods-RecipeBook-RecipeBookUITests.release.xcconfig */ = {isa = PBXFileReference; includeInIndex = 1; lastKnownFileType = text.xcconfig; name = "Pods-RecipeBook-RecipeBookUITests.release.xcconfig"; path = "Target Support Files/Pods-RecipeBook-RecipeBookUITests/Pods-RecipeBook-RecipeBookUITests.release.xcconfig"; sourceTree = "<group>"; };
		3F775F423D3D1C71057DA299 /* Pods-RecipeBook.debug.xcconfig */ = {isa = PBXFileReference; includeInIndex = 1; lastKnownFileType = text.xcconfig; name = "Pods-RecipeBook.debug.xcconfig"; path = "Target Support Files/Pods-RecipeBook/Pods-RecipeBook.debug.xcconfig"; sourceTree = "<group>"; };
		5791EB3F98173069EDEED05B /* Pods-RecipeBook-RecipeBookUITests.debug.xcconfig */ = {isa = PBXFileReference; includeInIndex = 1; lastKnownFileType = text.xcconfig; name = "Pods-RecipeBook-RecipeBookUITests.debug.xcconfig"; path = "Target Support Files/Pods-RecipeBook-RecipeBookUITests/Pods-RecipeBook-RecipeBookUITests.debug.xcconfig"; sourceTree = "<group>"; };
		8082520F8C7F2DB0391ECCA5 /* Pods-RecipeBookTests.release.xcconfig */ = {isa = PBXFileReference; includeInIndex = 1; lastKnownFileType = text.xcconfig; name = "Pods-RecipeBookTests.release.xcconfig"; path = "Target Support Files/Pods-RecipeBookTests/Pods-RecipeBookTests.release.xcconfig"; sourceTree = "<group>"; };
		923CC8623C323F50B9DACB46 /* Pods_RecipeBook.framework */ = {isa = PBXFileReference; explicitFileType = wrapper.framework; includeInIndex = 0; path = Pods_RecipeBook.framework; sourceTree = BUILT_PRODUCTS_DIR; };
		989C6B1DA316840BA45B4B4F /* Pods-RecipeBook.release.xcconfig */ = {isa = PBXFileReference; includeInIndex = 1; lastKnownFileType = text.xcconfig; name = "Pods-RecipeBook.release.xcconfig"; path = "Target Support Files/Pods-RecipeBook/Pods-RecipeBook.release.xcconfig"; sourceTree = "<group>"; };
		D8F261225B5C037731FB6E54 /* Pods_RecipeBook_RecipeBookUITests.framework */ = {isa = PBXFileReference; explicitFileType = wrapper.framework; includeInIndex = 0; path = Pods_RecipeBook_RecipeBookUITests.framework; sourceTree = BUILT_PRODUCTS_DIR; };
		E4859D0A8A88FFF79BF583E1 /* Pods_RecipeBookTests.framework */ = {isa = PBXFileReference; explicitFileType = wrapper.framework; includeInIndex = 0; path = Pods_RecipeBookTests.framework; sourceTree = BUILT_PRODUCTS_DIR; };
		F703C95E27ECE13200B8048E /* UIAlertController.swift */ = {isa = PBXFileReference; lastKnownFileType = sourcecode.swift; path = UIAlertController.swift; sourceTree = "<group>"; };
		F705881B27D4E9AA006394EC /* UIActivityIndicatorView.swift */ = {isa = PBXFileReference; lastKnownFileType = sourcecode.swift; path = UIActivityIndicatorView.swift; sourceTree = "<group>"; };
		F7090E0627BCBBCF00069D79 /* GradientView.swift */ = {isa = PBXFileReference; lastKnownFileType = sourcecode.swift; path = GradientView.swift; sourceTree = "<group>"; };
		F713438D27E9B5E600343C44 /* [String].swift */ = {isa = PBXFileReference; lastKnownFileType = sourcecode.swift; path = "[String].swift"; sourceTree = "<group>"; };
		F713439227EA01CC00343C44 /* FilterTextField.swift */ = {isa = PBXFileReference; lastKnownFileType = sourcecode.swift; path = FilterTextField.swift; sourceTree = "<group>"; };
		F72D48AD27C4AE5400792DE3 /* Date.swift */ = {isa = PBXFileReference; lastKnownFileType = sourcecode.swift; path = Date.swift; sourceTree = "<group>"; };
		F74355F627CB37FB008F8693 /* SearchTableViewCell.swift */ = {isa = PBXFileReference; lastKnownFileType = sourcecode.swift; path = SearchTableViewCell.swift; sourceTree = "<group>"; };
		F743560327CB9790008F8693 /* NetworkService.swift */ = {isa = PBXFileReference; lastKnownFileType = sourcecode.swift; path = NetworkService.swift; sourceTree = "<group>"; };
		F743560827CBA2A2008F8693 /* SearchType.swift */ = {isa = PBXFileReference; lastKnownFileType = sourcecode.swift; path = SearchType.swift; sourceTree = "<group>"; };
		F7612D1D27D8F574009D4142 /* UIImage.swift */ = {isa = PBXFileReference; lastKnownFileType = sourcecode.swift; path = UIImage.swift; sourceTree = "<group>"; };
		F768E1E327BA115700F1D61B /* UIColor.swift */ = {isa = PBXFileReference; lastKnownFileType = sourcecode.swift; path = UIColor.swift; sourceTree = "<group>"; };
		F768E1FE27BA84CA00F1D61B /* MealCollectionView.swift */ = {isa = PBXFileReference; lastKnownFileType = sourcecode.swift; path = MealCollectionView.swift; sourceTree = "<group>"; };
		F768E20427BA883300F1D61B /* RecipeModel.swift */ = {isa = PBXFileReference; lastKnownFileType = sourcecode.swift; path = RecipeModel.swift; sourceTree = "<group>"; };
		F768E20F27BA89B200F1D61B /* MealCollectionViewCell.swift */ = {isa = PBXFileReference; lastKnownFileType = sourcecode.swift; path = MealCollectionViewCell.swift; sourceTree = "<group>"; };
		F76A85F727C9F83500D284F0 /* SearchTableViewController.swift */ = {isa = PBXFileReference; lastKnownFileType = sourcecode.swift; path = SearchTableViewController.swift; sourceTree = "<group>"; };
		F77A237A27EDE7B600141531 /* DetailView.swift */ = {isa = PBXFileReference; lastKnownFileType = sourcecode.swift; path = DetailView.swift; sourceTree = "<group>"; };
		F77A237F27EDE7C600141531 /* DetailViewController.swift */ = {isa = PBXFileReference; lastKnownFileType = sourcecode.swift; path = DetailViewController.swift; sourceTree = "<group>"; };
		F77D673327B8D576001F02E9 /* RecipeBook.app */ = {isa = PBXFileReference; explicitFileType = wrapper.application; includeInIndex = 0; path = RecipeBook.app; sourceTree = BUILT_PRODUCTS_DIR; };
		F77D673627B8D576001F02E9 /* AppDelegate.swift */ = {isa = PBXFileReference; lastKnownFileType = sourcecode.swift; path = AppDelegate.swift; sourceTree = "<group>"; };
		F77D673827B8D576001F02E9 /* SceneDelegate.swift */ = {isa = PBXFileReference; lastKnownFileType = sourcecode.swift; path = SceneDelegate.swift; sourceTree = "<group>"; };
		F77D674027B8D576001F02E9 /* RecipeBook.xcdatamodel */ = {isa = PBXFileReference; lastKnownFileType = wrapper.xcdatamodel; path = RecipeBook.xcdatamodel; sourceTree = "<group>"; };
		F77D674227B8D578001F02E9 /* Assets.xcassets */ = {isa = PBXFileReference; lastKnownFileType = folder.assetcatalog; path = Assets.xcassets; sourceTree = "<group>"; };
		F77D674727B8D578001F02E9 /* Info.plist */ = {isa = PBXFileReference; lastKnownFileType = text.plist.xml; path = Info.plist; sourceTree = "<group>"; };
		F77D674C27B8D578001F02E9 /* RecipeBookTests.xctest */ = {isa = PBXFileReference; explicitFileType = wrapper.cfbundle; includeInIndex = 0; path = RecipeBookTests.xctest; sourceTree = BUILT_PRODUCTS_DIR; };
		F77D675027B8D578001F02E9 /* RecipeBookTests.swift */ = {isa = PBXFileReference; lastKnownFileType = sourcecode.swift; path = RecipeBookTests.swift; sourceTree = "<group>"; };
		F77D675227B8D578001F02E9 /* Info.plist */ = {isa = PBXFileReference; lastKnownFileType = text.plist.xml; path = Info.plist; sourceTree = "<group>"; };
		F77D675727B8D578001F02E9 /* RecipeBookUITests.xctest */ = {isa = PBXFileReference; explicitFileType = wrapper.cfbundle; includeInIndex = 0; path = RecipeBookUITests.xctest; sourceTree = BUILT_PRODUCTS_DIR; };
		F77D675B27B8D578001F02E9 /* RecipeBookUITests.swift */ = {isa = PBXFileReference; lastKnownFileType = sourcecode.swift; path = RecipeBookUITests.swift; sourceTree = "<group>"; };
		F77D675D27B8D578001F02E9 /* Info.plist */ = {isa = PBXFileReference; lastKnownFileType = text.plist.xml; path = Info.plist; sourceTree = "<group>"; };
		F77D677027B8D7DD001F02E9 /* CView.swift */ = {isa = PBXFileReference; lastKnownFileType = sourcecode.swift; path = CView.swift; sourceTree = "<group>"; };
		F77D677827B8D7EA001F02E9 /* CViewController.swift */ = {isa = PBXFileReference; lastKnownFileType = sourcecode.swift; path = CViewController.swift; sourceTree = "<group>"; };
		F77D678927B8E654001F02E9 /* HomeViewController.swift */ = {isa = PBXFileReference; lastKnownFileType = sourcecode.swift; path = HomeViewController.swift; sourceTree = "<group>"; };
		F77D678E27B8E661001F02E9 /* HomeView.swift */ = {isa = PBXFileReference; lastKnownFileType = sourcecode.swift; path = HomeView.swift; sourceTree = "<group>"; };
		F790DAD727F0CB88005B0ED3 /* StringProtocol.swift */ = {isa = PBXFileReference; lastKnownFileType = sourcecode.swift; path = StringProtocol.swift; sourceTree = "<group>"; };
		F7940E2C27E83B26000B0CFB /* FilterViewController.swift */ = {isa = PBXFileReference; lastKnownFileType = sourcecode.swift; path = FilterViewController.swift; sourceTree = "<group>"; };
		F7940E3427E85BFC000B0CFB /* FilterParameters.swift */ = {isa = PBXFileReference; lastKnownFileType = sourcecode.swift; path = FilterParameters.swift; sourceTree = "<group>"; };
		F79ED0E127EB3B7000857CF0 /* APIKeys.swift */ = {isa = PBXFileReference; lastKnownFileType = sourcecode.swift; path = APIKeys.swift; sourceTree = "<group>"; };
		F7A32B6527BDFFEE009AD53F /* PopularCollectionView.swift */ = {isa = PBXFileReference; lastKnownFileType = sourcecode.swift; path = PopularCollectionView.swift; sourceTree = "<group>"; };
		F7A32B6A27BE0001009AD53F /* PopularCollectionViewCell.swift */ = {isa = PBXFileReference; lastKnownFileType = sourcecode.swift; path = PopularCollectionViewCell.swift; sourceTree = "<group>"; };
		F7B3BFAB27CCCEF700EEC050 /* Endpoint.swift */ = {isa = PBXFileReference; lastKnownFileType = sourcecode.swift; path = Endpoint.swift; sourceTree = "<group>"; };
		F7B3BFCB27CD01CD00EEC050 /* NetworkError.swift */ = {isa = PBXFileReference; lastKnownFileType = sourcecode.swift; path = NetworkError.swift; sourceTree = "<group>"; };
		F7BC912127EF563A0095D7E1 /* NutritionView.swift */ = {isa = PBXFileReference; lastKnownFileType = sourcecode.swift; path = NutritionView.swift; sourceTree = "<group>"; };
		F7C8A4B027F049D200544F88 /* IngredientsCollectionView.swift */ = {isa = PBXFileReference; lastKnownFileType = sourcecode.swift; path = IngredientsCollectionView.swift; sourceTree = "<group>"; };
		F7CC844627D5DBB5004EE60C /* SearchTableView.swift */ = {isa = PBXFileReference; lastKnownFileType = sourcecode.swift; path = SearchTableView.swift; sourceTree = "<group>"; };
		F7CE36FE27CE70F100B30FD9 /* TimeLogic.swift */ = {isa = PBXFileReference; lastKnownFileType = sourcecode.swift; path = TimeLogic.swift; sourceTree = "<group>"; };
		F7D341F027DA259C00EDAB1D /* RecipesSearchBar.swift */ = {isa = PBXFileReference; lastKnownFileType = sourcecode.swift; path = RecipesSearchBar.swift; sourceTree = "<group>"; };
		F7D341F827DA35AA00EDAB1D /* RecipesSearchController.swift */ = {isa = PBXFileReference; lastKnownFileType = sourcecode.swift; path = RecipesSearchController.swift; sourceTree = "<group>"; };
		F7E374E927CF8FD700A8835C /* ImageType.swift */ = {isa = PBXFileReference; lastKnownFileType = sourcecode.swift; path = ImageType.swift; sourceTree = "<group>"; };
		F7EB749327BA995200F24714 /* Constants.swift */ = {isa = PBXFileReference; lastKnownFileType = sourcecode.swift; path = Constants.swift; sourceTree = "<group>"; };
		F7F417F627D39C40003654E2 /* RecipesCollectionViewController.swift */ = {isa = PBXFileReference; lastKnownFileType = sourcecode.swift; path = RecipesCollectionViewController.swift; sourceTree = "<group>"; };
		F7F6FD2D27E21AEE000C70DC /* FilterView.swift */ = {isa = PBXFileReference; lastKnownFileType = sourcecode.swift; path = FilterView.swift; sourceTree = "<group>"; };
/* End PBXFileReference section */

/* Begin PBXFrameworksBuildPhase section */
		F77D673027B8D576001F02E9 /* Frameworks */ = {
			isa = PBXFrameworksBuildPhase;
			buildActionMask = 2147483647;
			files = (
				78930F0425DE9B0FC818FCB6 /* Pods_RecipeBook.framework in Frameworks */,
			);
			runOnlyForDeploymentPostprocessing = 0;
		};
		F77D674927B8D578001F02E9 /* Frameworks */ = {
			isa = PBXFrameworksBuildPhase;
			buildActionMask = 2147483647;
			files = (
				9174978D2FC2953EF6F7E71B /* Pods_RecipeBookTests.framework in Frameworks */,
			);
			runOnlyForDeploymentPostprocessing = 0;
		};
		F77D675427B8D578001F02E9 /* Frameworks */ = {
			isa = PBXFrameworksBuildPhase;
			buildActionMask = 2147483647;
			files = (
				D7573356C81C83DBE43DBCC6 /* Pods_RecipeBook_RecipeBookUITests.framework in Frameworks */,
			);
			runOnlyForDeploymentPostprocessing = 0;
		};
/* End PBXFrameworksBuildPhase section */

/* Begin PBXGroup section */
		19435B6AE25F054864AA6534 /* Pods */ = {
			isa = PBXGroup;
			children = (
				3F775F423D3D1C71057DA299 /* Pods-RecipeBook.debug.xcconfig */,
				989C6B1DA316840BA45B4B4F /* Pods-RecipeBook.release.xcconfig */,
				5791EB3F98173069EDEED05B /* Pods-RecipeBook-RecipeBookUITests.debug.xcconfig */,
				138322C13057DFCB68FDC6CD /* Pods-RecipeBook-RecipeBookUITests.release.xcconfig */,
				10ACB6084EBA34A5B3F46E34 /* Pods-RecipeBookTests.debug.xcconfig */,
				8082520F8C7F2DB0391ECCA5 /* Pods-RecipeBookTests.release.xcconfig */,
			);
			path = Pods;
			sourceTree = "<group>";
		};
		3FB4EF38CD9184239F7B440A /* Frameworks */ = {
			isa = PBXGroup;
			children = (
				923CC8623C323F50B9DACB46 /* Pods_RecipeBook.framework */,
				D8F261225B5C037731FB6E54 /* Pods_RecipeBook_RecipeBookUITests.framework */,
				E4859D0A8A88FFF79BF583E1 /* Pods_RecipeBookTests.framework */,
			);
			name = Frameworks;
			sourceTree = "<group>";
		};
		F703C95427ECD58800B8048E /* ViewsAndControllers */ = {
			isa = PBXGroup;
			children = (
				F77D677D27B8E625001F02E9 /* Home */,
				F72D489727C49DE100792DE3 /* Search */,
				F77A237927EDE73C00141531 /* Detail */,
			);
			path = ViewsAndControllers;
			sourceTree = "<group>";
		};
		F7090E1127BCC3C100069D79 /* PopularCollection */ = {
			isa = PBXGroup;
			children = (
				F7A32B6527BDFFEE009AD53F /* PopularCollectionView.swift */,
				F7A32B6A27BE0001009AD53F /* PopularCollectionViewCell.swift */,
			);
			path = PopularCollection;
			sourceTree = "<group>";
		};
		F72D489727C49DE100792DE3 /* Search */ = {
			isa = PBXGroup;
			children = (
				F7D341EE27DA255700EDAB1D /* CustomClasses */,
				F7F6FD2627E2158C000C70DC /* Filter */,
				F76A85F727C9F83500D284F0 /* SearchTableViewController.swift */,
				F74355F627CB37FB008F8693 /* SearchTableViewCell.swift */,
				F7CC844627D5DBB5004EE60C /* SearchTableView.swift */,
			);
			path = Search;
			sourceTree = "<group>";
		};
		F768E1DA27BA113000F1D61B /* Extensions */ = {
			isa = PBXGroup;
			children = (
				F768E1E327BA115700F1D61B /* UIColor.swift */,
				F705881B27D4E9AA006394EC /* UIActivityIndicatorView.swift */,
				F7612D1D27D8F574009D4142 /* UIImage.swift */,
				F72D48AD27C4AE5400792DE3 /* Date.swift */,
				F713438D27E9B5E600343C44 /* [String].swift */,
				F703C95E27ECE13200B8048E /* UIAlertController.swift */,
				F790DAD727F0CB88005B0ED3 /* StringProtocol.swift */,
			);
			path = Extensions;
			sourceTree = "<group>";
		};
		F768E20327BA880200F1D61B /* Model */ = {
			isa = PBXGroup;
			children = (
				F743560827CBA2A2008F8693 /* SearchType.swift */,
				F7B3BFCB27CD01CD00EEC050 /* NetworkError.swift */,
				F768E20427BA883300F1D61B /* RecipeModel.swift */,
				F7940E3427E85BFC000B0CFB /* FilterParameters.swift */,
				F7B3BFAB27CCCEF700EEC050 /* Endpoint.swift */,
				F743560327CB9790008F8693 /* NetworkService.swift */,
				F7CE36FE27CE70F100B30FD9 /* TimeLogic.swift */,
				F79ED0E127EB3B7000857CF0 /* APIKeys.swift */,
			);
			path = Model;
			sourceTree = "<group>";
		};
		F768E21427BA89B900F1D61B /* MealCollection */ = {
			isa = PBXGroup;
			children = (
				F768E1FE27BA84CA00F1D61B /* MealCollectionView.swift */,
				F768E20F27BA89B200F1D61B /* MealCollectionViewCell.swift */,
			);
			path = MealCollection;
			sourceTree = "<group>";
		};
		F77A237927EDE73C00141531 /* Detail */ = {
			isa = PBXGroup;
			children = (
				F77A237F27EDE7C600141531 /* DetailViewController.swift */,
				F77A237A27EDE7B600141531 /* DetailView.swift */,
				F7C8A4A427F048B500544F88 /* SupportViews */,
			);
			path = Detail;
			sourceTree = "<group>";
		};
		F77D672A27B8D576001F02E9 = {
			isa = PBXGroup;
			children = (
				F77D673527B8D576001F02E9 /* RecipeBook */,
				F77D674F27B8D578001F02E9 /* RecipeBookTests */,
				F77D675A27B8D578001F02E9 /* RecipeBookUITests */,
				F77D673427B8D576001F02E9 /* Products */,
				19435B6AE25F054864AA6534 /* Pods */,
				3FB4EF38CD9184239F7B440A /* Frameworks */,
			);
			sourceTree = "<group>";
		};
		F77D673427B8D576001F02E9 /* Products */ = {
			isa = PBXGroup;
			children = (
				F77D673327B8D576001F02E9 /* RecipeBook.app */,
				F77D674C27B8D578001F02E9 /* RecipeBookTests.xctest */,
				F77D675727B8D578001F02E9 /* RecipeBookUITests.xctest */,
			);
			name = Products;
			sourceTree = "<group>";
		};
		F77D673527B8D576001F02E9 /* RecipeBook */ = {
			isa = PBXGroup;
			children = (
				F77D679727B92257001F02E9 /* Resources */,
				F77D679627B9224D001F02E9 /* Sources */,
			);
			path = RecipeBook;
			sourceTree = "<group>";
		};
		F77D674F27B8D578001F02E9 /* RecipeBookTests */ = {
			isa = PBXGroup;
			children = (
				F77D675027B8D578001F02E9 /* RecipeBookTests.swift */,
				F77D675227B8D578001F02E9 /* Info.plist */,
			);
			path = RecipeBookTests;
			sourceTree = "<group>";
		};
		F77D675A27B8D578001F02E9 /* RecipeBookUITests */ = {
			isa = PBXGroup;
			children = (
				F77D675B27B8D578001F02E9 /* RecipeBookUITests.swift */,
				F77D675D27B8D578001F02E9 /* Info.plist */,
			);
			path = RecipeBookUITests;
			sourceTree = "<group>";
		};
		F77D676F27B8D79E001F02E9 /* Base */ = {
			isa = PBXGroup;
			children = (
				F77D677027B8D7DD001F02E9 /* CView.swift */,
				F77D677827B8D7EA001F02E9 /* CViewController.swift */,
			);
			path = Base;
			sourceTree = "<group>";
		};
		F77D677D27B8E625001F02E9 /* Home */ = {
			isa = PBXGroup;
			children = (
				F77D678927B8E654001F02E9 /* HomeViewController.swift */,
				F77D678E27B8E661001F02E9 /* HomeView.swift */,
				F7F417F627D39C40003654E2 /* RecipesCollectionViewController.swift */,
				F768E21427BA89B900F1D61B /* MealCollection */,
				F7090E1127BCC3C100069D79 /* PopularCollection */,
			);
			path = Home;
			sourceTree = "<group>";
		};
		F77D679627B9224D001F02E9 /* Sources */ = {
			isa = PBXGroup;
			children = (
				F77D673627B8D576001F02E9 /* AppDelegate.swift */,
				F77D673827B8D576001F02E9 /* SceneDelegate.swift */,
				F768E1DA27BA113000F1D61B /* Extensions */,
				F77D679827B9229E001F02E9 /* Common */,
				F703C95427ECD58800B8048E /* ViewsAndControllers */,
				F768E20327BA880200F1D61B /* Model */,
			);
			path = Sources;
			sourceTree = "<group>";
		};
		F77D679727B92257001F02E9 /* Resources */ = {
			isa = PBXGroup;
			children = (
				F77D674227B8D578001F02E9 /* Assets.xcassets */,
				F77D674727B8D578001F02E9 /* Info.plist */,
				F77D673F27B8D576001F02E9 /* RecipeBook.xcdatamodeld */,
			);
			path = Resources;
			sourceTree = "<group>";
		};
		F77D679827B9229E001F02E9 /* Common */ = {
			isa = PBXGroup;
			children = (
				F77D676F27B8D79E001F02E9 /* Base */,
				F77D679927B922A4001F02E9 /* Views */,
				F7EB749327BA995200F24714 /* Constants.swift */,
				F7E374E927CF8FD700A8835C /* ImageType.swift */,
			);
			path = Common;
			sourceTree = "<group>";
		};
		F77D679927B922A4001F02E9 /* Views */ = {
			isa = PBXGroup;
			children = (
				F7090E0627BCBBCF00069D79 /* GradientView.swift */,
			);
			path = Views;
			sourceTree = "<group>";
		};
		F7C8A4A427F048B500544F88 /* SupportViews */ = {
			isa = PBXGroup;
			children = (
				F7BC912127EF563A0095D7E1 /* NutritionView.swift */,
				F7C8A4B027F049D200544F88 /* IngredientsCollectionView.swift */,
			);
			path = SupportViews;
			sourceTree = "<group>";
		};
		F7D341EE27DA255700EDAB1D /* CustomClasses */ = {
			isa = PBXGroup;
			children = (
				F7D341F027DA259C00EDAB1D /* RecipesSearchBar.swift */,
				F7D341F827DA35AA00EDAB1D /* RecipesSearchController.swift */,
			);
			path = CustomClasses;
			sourceTree = "<group>";
		};
		F7F6FD2627E2158C000C70DC /* Filter */ = {
			isa = PBXGroup;
			children = (
				F7940E2C27E83B26000B0CFB /* FilterViewController.swift */,
				F7F6FD2D27E21AEE000C70DC /* FilterView.swift */,
				F713439227EA01CC00343C44 /* FilterTextField.swift */,
			);
			path = Filter;
			sourceTree = "<group>";
		};
/* End PBXGroup section */

/* Begin PBXNativeTarget section */
		F77D673227B8D576001F02E9 /* RecipeBook */ = {
			isa = PBXNativeTarget;
			buildConfigurationList = F77D676027B8D578001F02E9 /* Build configuration list for PBXNativeTarget "RecipeBook" */;
			buildPhases = (
				3A210AF8C8D0EEAA2531F1D9 /* [CP] Check Pods Manifest.lock */,
				F77D672F27B8D576001F02E9 /* Sources */,
				F77D673027B8D576001F02E9 /* Frameworks */,
				F77D673127B8D576001F02E9 /* Resources */,
				D61F9F46EEFD1D5C125090DA /* [CP] Embed Pods Frameworks */,
			);
			buildRules = (
			);
			dependencies = (
			);
			name = RecipeBook;
			productName = RecipeBook;
			productReference = F77D673327B8D576001F02E9 /* RecipeBook.app */;
			productType = "com.apple.product-type.application";
		};
		F77D674B27B8D578001F02E9 /* RecipeBookTests */ = {
			isa = PBXNativeTarget;
			buildConfigurationList = F77D676327B8D578001F02E9 /* Build configuration list for PBXNativeTarget "RecipeBookTests" */;
			buildPhases = (
				02FAA0F2AE46D98431828EF3 /* [CP] Check Pods Manifest.lock */,
				F77D674827B8D578001F02E9 /* Sources */,
				F77D674927B8D578001F02E9 /* Frameworks */,
				F77D674A27B8D578001F02E9 /* Resources */,
			);
			buildRules = (
			);
			dependencies = (
				F77D674E27B8D578001F02E9 /* PBXTargetDependency */,
			);
			name = RecipeBookTests;
			productName = RecipeBookTests;
			productReference = F77D674C27B8D578001F02E9 /* RecipeBookTests.xctest */;
			productType = "com.apple.product-type.bundle.unit-test";
		};
		F77D675627B8D578001F02E9 /* RecipeBookUITests */ = {
			isa = PBXNativeTarget;
			buildConfigurationList = F77D676627B8D578001F02E9 /* Build configuration list for PBXNativeTarget "RecipeBookUITests" */;
			buildPhases = (
				865B384525258288C72DD9D9 /* [CP] Check Pods Manifest.lock */,
				F77D675327B8D578001F02E9 /* Sources */,
				F77D675427B8D578001F02E9 /* Frameworks */,
				F77D675527B8D578001F02E9 /* Resources */,
				6182FE6BB6CF1A52E86DA625 /* [CP] Embed Pods Frameworks */,
			);
			buildRules = (
			);
			dependencies = (
				F77D675927B8D578001F02E9 /* PBXTargetDependency */,
			);
			name = RecipeBookUITests;
			productName = RecipeBookUITests;
			productReference = F77D675727B8D578001F02E9 /* RecipeBookUITests.xctest */;
			productType = "com.apple.product-type.bundle.ui-testing";
		};
/* End PBXNativeTarget section */

/* Begin PBXProject section */
		F77D672B27B8D576001F02E9 /* Project object */ = {
			isa = PBXProject;
			attributes = {
				LastSwiftUpdateCheck = 1240;
				LastUpgradeCheck = 1240;
				TargetAttributes = {
					F77D673227B8D576001F02E9 = {
						CreatedOnToolsVersion = 12.4;
					};
					F77D674B27B8D578001F02E9 = {
						CreatedOnToolsVersion = 12.4;
						TestTargetID = F77D673227B8D576001F02E9;
					};
					F77D675627B8D578001F02E9 = {
						CreatedOnToolsVersion = 12.4;
						TestTargetID = F77D673227B8D576001F02E9;
					};
				};
			};
			buildConfigurationList = F77D672E27B8D576001F02E9 /* Build configuration list for PBXProject "RecipeBook" */;
			compatibilityVersion = "Xcode 9.3";
			developmentRegion = en;
			hasScannedForEncodings = 0;
			knownRegions = (
				en,
				Base,
			);
			mainGroup = F77D672A27B8D576001F02E9;
			productRefGroup = F77D673427B8D576001F02E9 /* Products */;
			projectDirPath = "";
			projectRoot = "";
			targets = (
				F77D673227B8D576001F02E9 /* RecipeBook */,
				F77D674B27B8D578001F02E9 /* RecipeBookTests */,
				F77D675627B8D578001F02E9 /* RecipeBookUITests */,
			);
		};
/* End PBXProject section */

/* Begin PBXResourcesBuildPhase section */
		F77D673127B8D576001F02E9 /* Resources */ = {
			isa = PBXResourcesBuildPhase;
			buildActionMask = 2147483647;
			files = (
				F77D674327B8D578001F02E9 /* Assets.xcassets in Resources */,
			);
			runOnlyForDeploymentPostprocessing = 0;
		};
		F77D674A27B8D578001F02E9 /* Resources */ = {
			isa = PBXResourcesBuildPhase;
			buildActionMask = 2147483647;
			files = (
			);
			runOnlyForDeploymentPostprocessing = 0;
		};
		F77D675527B8D578001F02E9 /* Resources */ = {
			isa = PBXResourcesBuildPhase;
			buildActionMask = 2147483647;
			files = (
			);
			runOnlyForDeploymentPostprocessing = 0;
		};
/* End PBXResourcesBuildPhase section */

/* Begin PBXShellScriptBuildPhase section */
		02FAA0F2AE46D98431828EF3 /* [CP] Check Pods Manifest.lock */ = {
			isa = PBXShellScriptBuildPhase;
			buildActionMask = 2147483647;
			files = (
			);
			inputFileListPaths = (
			);
			inputPaths = (
				"${PODS_PODFILE_DIR_PATH}/Podfile.lock",
				"${PODS_ROOT}/Manifest.lock",
			);
			name = "[CP] Check Pods Manifest.lock";
			outputFileListPaths = (
			);
			outputPaths = (
				"$(DERIVED_FILE_DIR)/Pods-RecipeBookTests-checkManifestLockResult.txt",
			);
			runOnlyForDeploymentPostprocessing = 0;
			shellPath = /bin/sh;
			shellScript = "diff \"${PODS_PODFILE_DIR_PATH}/Podfile.lock\" \"${PODS_ROOT}/Manifest.lock\" > /dev/null\nif [ $? != 0 ] ; then\n    # print error to STDERR\n    echo \"error: The sandbox is not in sync with the Podfile.lock. Run 'pod install' or update your CocoaPods installation.\" >&2\n    exit 1\nfi\n# This output is used by Xcode 'outputs' to avoid re-running this script phase.\necho \"SUCCESS\" > \"${SCRIPT_OUTPUT_FILE_0}\"\n";
			showEnvVarsInLog = 0;
		};
		3A210AF8C8D0EEAA2531F1D9 /* [CP] Check Pods Manifest.lock */ = {
			isa = PBXShellScriptBuildPhase;
			buildActionMask = 2147483647;
			files = (
			);
			inputFileListPaths = (
			);
			inputPaths = (
				"${PODS_PODFILE_DIR_PATH}/Podfile.lock",
				"${PODS_ROOT}/Manifest.lock",
			);
			name = "[CP] Check Pods Manifest.lock";
			outputFileListPaths = (
			);
			outputPaths = (
				"$(DERIVED_FILE_DIR)/Pods-RecipeBook-checkManifestLockResult.txt",
			);
			runOnlyForDeploymentPostprocessing = 0;
			shellPath = /bin/sh;
			shellScript = "diff \"${PODS_PODFILE_DIR_PATH}/Podfile.lock\" \"${PODS_ROOT}/Manifest.lock\" > /dev/null\nif [ $? != 0 ] ; then\n    # print error to STDERR\n    echo \"error: The sandbox is not in sync with the Podfile.lock. Run 'pod install' or update your CocoaPods installation.\" >&2\n    exit 1\nfi\n# This output is used by Xcode 'outputs' to avoid re-running this script phase.\necho \"SUCCESS\" > \"${SCRIPT_OUTPUT_FILE_0}\"\n";
			showEnvVarsInLog = 0;
		};
		6182FE6BB6CF1A52E86DA625 /* [CP] Embed Pods Frameworks */ = {
			isa = PBXShellScriptBuildPhase;
			buildActionMask = 2147483647;
			files = (
			);
			inputFileListPaths = (
				"${PODS_ROOT}/Target Support Files/Pods-RecipeBook-RecipeBookUITests/Pods-RecipeBook-RecipeBookUITests-frameworks-${CONFIGURATION}-input-files.xcfilelist",
			);
			name = "[CP] Embed Pods Frameworks";
			outputFileListPaths = (
				"${PODS_ROOT}/Target Support Files/Pods-RecipeBook-RecipeBookUITests/Pods-RecipeBook-RecipeBookUITests-frameworks-${CONFIGURATION}-output-files.xcfilelist",
			);
			runOnlyForDeploymentPostprocessing = 0;
			shellPath = /bin/sh;
			shellScript = "\"${PODS_ROOT}/Target Support Files/Pods-RecipeBook-RecipeBookUITests/Pods-RecipeBook-RecipeBookUITests-frameworks.sh\"\n";
			showEnvVarsInLog = 0;
		};
		865B384525258288C72DD9D9 /* [CP] Check Pods Manifest.lock */ = {
			isa = PBXShellScriptBuildPhase;
			buildActionMask = 2147483647;
			files = (
			);
			inputFileListPaths = (
			);
			inputPaths = (
				"${PODS_PODFILE_DIR_PATH}/Podfile.lock",
				"${PODS_ROOT}/Manifest.lock",
			);
			name = "[CP] Check Pods Manifest.lock";
			outputFileListPaths = (
			);
			outputPaths = (
				"$(DERIVED_FILE_DIR)/Pods-RecipeBook-RecipeBookUITests-checkManifestLockResult.txt",
			);
			runOnlyForDeploymentPostprocessing = 0;
			shellPath = /bin/sh;
			shellScript = "diff \"${PODS_PODFILE_DIR_PATH}/Podfile.lock\" \"${PODS_ROOT}/Manifest.lock\" > /dev/null\nif [ $? != 0 ] ; then\n    # print error to STDERR\n    echo \"error: The sandbox is not in sync with the Podfile.lock. Run 'pod install' or update your CocoaPods installation.\" >&2\n    exit 1\nfi\n# This output is used by Xcode 'outputs' to avoid re-running this script phase.\necho \"SUCCESS\" > \"${SCRIPT_OUTPUT_FILE_0}\"\n";
			showEnvVarsInLog = 0;
		};
		D61F9F46EEFD1D5C125090DA /* [CP] Embed Pods Frameworks */ = {
			isa = PBXShellScriptBuildPhase;
			buildActionMask = 2147483647;
			files = (
			);
			inputFileListPaths = (
				"${PODS_ROOT}/Target Support Files/Pods-RecipeBook/Pods-RecipeBook-frameworks-${CONFIGURATION}-input-files.xcfilelist",
			);
			name = "[CP] Embed Pods Frameworks";
			outputFileListPaths = (
				"${PODS_ROOT}/Target Support Files/Pods-RecipeBook/Pods-RecipeBook-frameworks-${CONFIGURATION}-output-files.xcfilelist",
			);
			runOnlyForDeploymentPostprocessing = 0;
			shellPath = /bin/sh;
			shellScript = "\"${PODS_ROOT}/Target Support Files/Pods-RecipeBook/Pods-RecipeBook-frameworks.sh\"\n";
			showEnvVarsInLog = 0;
		};
/* End PBXShellScriptBuildPhase section */

/* Begin PBXSourcesBuildPhase section */
		F77D672F27B8D576001F02E9 /* Sources */ = {
			isa = PBXSourcesBuildPhase;
			buildActionMask = 2147483647;
			files = (
				F77A238027EDE7C600141531 /* DetailViewController.swift in Sources */,
				F77D673727B8D576001F02E9 /* AppDelegate.swift in Sources */,
				F7CC844727D5DBB5004EE60C /* SearchTableView.swift in Sources */,
				F743560927CBA2A2008F8693 /* SearchType.swift in Sources */,
				F713439327EA01CC00343C44 /* FilterTextField.swift in Sources */,
				F77D678F27B8E661001F02E9 /* HomeView.swift in Sources */,
				F768E21027BA89B200F1D61B /* MealCollectionViewCell.swift in Sources */,
				F77D674127B8D576001F02E9 /* RecipeBook.xcdatamodeld in Sources */,
				F76A85F827C9F83500D284F0 /* SearchTableViewController.swift in Sources */,
				F77D677127B8D7DD001F02E9 /* CView.swift in Sources */,
				F768E1E427BA115700F1D61B /* UIColor.swift in Sources */,
				F7C8A4B127F049D200544F88 /* IngredientsCollectionView.swift in Sources */,
				F7D341F927DA35AA00EDAB1D /* RecipesSearchController.swift in Sources */,
				F7B3BFCC27CD01CD00EEC050 /* NetworkError.swift in Sources */,
				F790DAD827F0CB88005B0ED3 /* StringProtocol.swift in Sources */,
				F703C95F27ECE13200B8048E /* UIAlertController.swift in Sources */,
				F72D48AE27C4AE5400792DE3 /* Date.swift in Sources */,
				F7F6FD2E27E21AEE000C70DC /* FilterView.swift in Sources */,
				F74355F727CB37FB008F8693 /* SearchTableViewCell.swift in Sources */,
				F713438E27E9B5E600343C44 /* [String].swift in Sources */,
				F768E1FF27BA84CA00F1D61B /* MealCollectionView.swift in Sources */,
				F7F417F727D39C40003654E2 /* RecipesCollectionViewController.swift in Sources */,
				F7D341F127DA259C00EDAB1D /* RecipesSearchBar.swift in Sources */,
				F77D677927B8D7EA001F02E9 /* CViewController.swift in Sources */,
				F77D673927B8D576001F02E9 /* SceneDelegate.swift in Sources */,
				F7E374EA27CF8FD700A8835C /* ImageType.swift in Sources */,
				F743560427CB9790008F8693 /* NetworkService.swift in Sources */,
				F7612D1E27D8F574009D4142 /* UIImage.swift in Sources */,
				F7940E3527E85BFC000B0CFB /* FilterParameters.swift in Sources */,
				F7BC912227EF563A0095D7E1 /* NutritionView.swift in Sources */,
				F77D678A27B8E654001F02E9 /* HomeViewController.swift in Sources */,
				F705881C27D4E9AA006394EC /* UIActivityIndicatorView.swift in Sources */,
				F7090E0727BCBBCF00069D79 /* GradientView.swift in Sources */,
				F7B3BFAC27CCCEF700EEC050 /* Endpoint.swift in Sources */,
				F7940E2D27E83B26000B0CFB /* FilterViewController.swift in Sources */,
				F79ED0E227EB3B7000857CF0 /* APIKeys.swift in Sources */,
				F768E20527BA883300F1D61B /* RecipeModel.swift in Sources */,
				F7A32B6B27BE0001009AD53F /* PopularCollectionViewCell.swift in Sources */,
				F7A32B6627BDFFEE009AD53F /* PopularCollectionView.swift in Sources */,
				F77A237B27EDE7B600141531 /* DetailView.swift in Sources */,
				F7CE36FF27CE70F100B30FD9 /* TimeLogic.swift in Sources */,
				F7EB749427BA995200F24714 /* Constants.swift in Sources */,
			);
			runOnlyForDeploymentPostprocessing = 0;
		};
		F77D674827B8D578001F02E9 /* Sources */ = {
			isa = PBXSourcesBuildPhase;
			buildActionMask = 2147483647;
			files = (
				F77D675127B8D578001F02E9 /* RecipeBookTests.swift in Sources */,
			);
			runOnlyForDeploymentPostprocessing = 0;
		};
		F77D675327B8D578001F02E9 /* Sources */ = {
			isa = PBXSourcesBuildPhase;
			buildActionMask = 2147483647;
			files = (
				F77D675C27B8D578001F02E9 /* RecipeBookUITests.swift in Sources */,
			);
			runOnlyForDeploymentPostprocessing = 0;
		};
/* End PBXSourcesBuildPhase section */

/* Begin PBXTargetDependency section */
		F77D674E27B8D578001F02E9 /* PBXTargetDependency */ = {
			isa = PBXTargetDependency;
			target = F77D673227B8D576001F02E9 /* RecipeBook */;
			targetProxy = F77D674D27B8D578001F02E9 /* PBXContainerItemProxy */;
		};
		F77D675927B8D578001F02E9 /* PBXTargetDependency */ = {
			isa = PBXTargetDependency;
			target = F77D673227B8D576001F02E9 /* RecipeBook */;
			targetProxy = F77D675827B8D578001F02E9 /* PBXContainerItemProxy */;
		};
/* End PBXTargetDependency section */

/* Begin XCBuildConfiguration section */
		F77D675E27B8D578001F02E9 /* Debug */ = {
			isa = XCBuildConfiguration;
			buildSettings = {
				ALWAYS_SEARCH_USER_PATHS = NO;
				CLANG_ANALYZER_NONNULL = YES;
				CLANG_ANALYZER_NUMBER_OBJECT_CONVERSION = YES_AGGRESSIVE;
				CLANG_CXX_LANGUAGE_STANDARD = "gnu++14";
				CLANG_CXX_LIBRARY = "libc++";
				CLANG_ENABLE_MODULES = YES;
				CLANG_ENABLE_OBJC_ARC = YES;
				CLANG_ENABLE_OBJC_WEAK = YES;
				CLANG_WARN_BLOCK_CAPTURE_AUTORELEASING = YES;
				CLANG_WARN_BOOL_CONVERSION = YES;
				CLANG_WARN_COMMA = YES;
				CLANG_WARN_CONSTANT_CONVERSION = YES;
				CLANG_WARN_DEPRECATED_OBJC_IMPLEMENTATIONS = YES;
				CLANG_WARN_DIRECT_OBJC_ISA_USAGE = YES_ERROR;
				CLANG_WARN_DOCUMENTATION_COMMENTS = YES;
				CLANG_WARN_EMPTY_BODY = YES;
				CLANG_WARN_ENUM_CONVERSION = YES;
				CLANG_WARN_INFINITE_RECURSION = YES;
				CLANG_WARN_INT_CONVERSION = YES;
				CLANG_WARN_NON_LITERAL_NULL_CONVERSION = YES;
				CLANG_WARN_OBJC_IMPLICIT_RETAIN_SELF = YES;
				CLANG_WARN_OBJC_LITERAL_CONVERSION = YES;
				CLANG_WARN_OBJC_ROOT_CLASS = YES_ERROR;
				CLANG_WARN_QUOTED_INCLUDE_IN_FRAMEWORK_HEADER = YES;
				CLANG_WARN_RANGE_LOOP_ANALYSIS = YES;
				CLANG_WARN_STRICT_PROTOTYPES = YES;
				CLANG_WARN_SUSPICIOUS_MOVE = YES;
				CLANG_WARN_UNGUARDED_AVAILABILITY = YES_AGGRESSIVE;
				CLANG_WARN_UNREACHABLE_CODE = YES;
				CLANG_WARN__DUPLICATE_METHOD_MATCH = YES;
				COPY_PHASE_STRIP = NO;
				DEBUG_INFORMATION_FORMAT = dwarf;
				ENABLE_STRICT_OBJC_MSGSEND = YES;
				ENABLE_TESTABILITY = YES;
				GCC_C_LANGUAGE_STANDARD = gnu11;
				GCC_DYNAMIC_NO_PIC = NO;
				GCC_NO_COMMON_BLOCKS = YES;
				GCC_OPTIMIZATION_LEVEL = 0;
				GCC_PREPROCESSOR_DEFINITIONS = (
					"DEBUG=1",
					"$(inherited)",
				);
				GCC_WARN_64_TO_32_BIT_CONVERSION = YES;
				GCC_WARN_ABOUT_RETURN_TYPE = YES_ERROR;
				GCC_WARN_UNDECLARED_SELECTOR = YES;
				GCC_WARN_UNINITIALIZED_AUTOS = YES_AGGRESSIVE;
				GCC_WARN_UNUSED_FUNCTION = YES;
				GCC_WARN_UNUSED_VARIABLE = YES;
				IPHONEOS_DEPLOYMENT_TARGET = 14.4;
				MTL_ENABLE_DEBUG_INFO = INCLUDE_SOURCE;
				MTL_FAST_MATH = YES;
				ONLY_ACTIVE_ARCH = YES;
				SDKROOT = iphoneos;
				SWIFT_ACTIVE_COMPILATION_CONDITIONS = DEBUG;
				SWIFT_OPTIMIZATION_LEVEL = "-Onone";
			};
			name = Debug;
		};
		F77D675F27B8D578001F02E9 /* Release */ = {
			isa = XCBuildConfiguration;
			buildSettings = {
				ALWAYS_SEARCH_USER_PATHS = NO;
				CLANG_ANALYZER_NONNULL = YES;
				CLANG_ANALYZER_NUMBER_OBJECT_CONVERSION = YES_AGGRESSIVE;
				CLANG_CXX_LANGUAGE_STANDARD = "gnu++14";
				CLANG_CXX_LIBRARY = "libc++";
				CLANG_ENABLE_MODULES = YES;
				CLANG_ENABLE_OBJC_ARC = YES;
				CLANG_ENABLE_OBJC_WEAK = YES;
				CLANG_WARN_BLOCK_CAPTURE_AUTORELEASING = YES;
				CLANG_WARN_BOOL_CONVERSION = YES;
				CLANG_WARN_COMMA = YES;
				CLANG_WARN_CONSTANT_CONVERSION = YES;
				CLANG_WARN_DEPRECATED_OBJC_IMPLEMENTATIONS = YES;
				CLANG_WARN_DIRECT_OBJC_ISA_USAGE = YES_ERROR;
				CLANG_WARN_DOCUMENTATION_COMMENTS = YES;
				CLANG_WARN_EMPTY_BODY = YES;
				CLANG_WARN_ENUM_CONVERSION = YES;
				CLANG_WARN_INFINITE_RECURSION = YES;
				CLANG_WARN_INT_CONVERSION = YES;
				CLANG_WARN_NON_LITERAL_NULL_CONVERSION = YES;
				CLANG_WARN_OBJC_IMPLICIT_RETAIN_SELF = YES;
				CLANG_WARN_OBJC_LITERAL_CONVERSION = YES;
				CLANG_WARN_OBJC_ROOT_CLASS = YES_ERROR;
				CLANG_WARN_QUOTED_INCLUDE_IN_FRAMEWORK_HEADER = YES;
				CLANG_WARN_RANGE_LOOP_ANALYSIS = YES;
				CLANG_WARN_STRICT_PROTOTYPES = YES;
				CLANG_WARN_SUSPICIOUS_MOVE = YES;
				CLANG_WARN_UNGUARDED_AVAILABILITY = YES_AGGRESSIVE;
				CLANG_WARN_UNREACHABLE_CODE = YES;
				CLANG_WARN__DUPLICATE_METHOD_MATCH = YES;
				COPY_PHASE_STRIP = NO;
				DEBUG_INFORMATION_FORMAT = "dwarf-with-dsym";
				ENABLE_NS_ASSERTIONS = NO;
				ENABLE_STRICT_OBJC_MSGSEND = YES;
				GCC_C_LANGUAGE_STANDARD = gnu11;
				GCC_NO_COMMON_BLOCKS = YES;
				GCC_WARN_64_TO_32_BIT_CONVERSION = YES;
				GCC_WARN_ABOUT_RETURN_TYPE = YES_ERROR;
				GCC_WARN_UNDECLARED_SELECTOR = YES;
				GCC_WARN_UNINITIALIZED_AUTOS = YES_AGGRESSIVE;
				GCC_WARN_UNUSED_FUNCTION = YES;
				GCC_WARN_UNUSED_VARIABLE = YES;
				IPHONEOS_DEPLOYMENT_TARGET = 14.4;
				MTL_ENABLE_DEBUG_INFO = NO;
				MTL_FAST_MATH = YES;
				SDKROOT = iphoneos;
				SWIFT_COMPILATION_MODE = wholemodule;
				SWIFT_OPTIMIZATION_LEVEL = "-O";
				VALIDATE_PRODUCT = YES;
			};
			name = Release;
		};
		F77D676127B8D578001F02E9 /* Debug */ = {
			isa = XCBuildConfiguration;
			baseConfigurationReference = 3F775F423D3D1C71057DA299 /* Pods-RecipeBook.debug.xcconfig */;
			buildSettings = {
				ASSETCATALOG_COMPILER_APPICON_NAME = AppIcon;
				ASSETCATALOG_COMPILER_GLOBAL_ACCENT_COLOR_NAME = AccentColor;
				CODE_SIGN_STYLE = Automatic;
				DEVELOPMENT_TEAM = ZKRYANSM8S;
				INFOPLIST_FILE = RecipeBook/Resources/Info.plist;
				LD_RUNPATH_SEARCH_PATHS = (
					"$(inherited)",
					"@executable_path/Frameworks",
				);
				PRODUCT_BUNDLE_IDENTIFIER = senkill.RecipeBook;
				PRODUCT_NAME = "$(TARGET_NAME)";
				SWIFT_VERSION = 5.0;
				TARGETED_DEVICE_FAMILY = "1,2";
			};
			name = Debug;
		};
		F77D676227B8D578001F02E9 /* Release */ = {
			isa = XCBuildConfiguration;
			baseConfigurationReference = 989C6B1DA316840BA45B4B4F /* Pods-RecipeBook.release.xcconfig */;
			buildSettings = {
				ASSETCATALOG_COMPILER_APPICON_NAME = AppIcon;
				ASSETCATALOG_COMPILER_GLOBAL_ACCENT_COLOR_NAME = AccentColor;
				CODE_SIGN_STYLE = Automatic;
				DEVELOPMENT_TEAM = ZKRYANSM8S;
				INFOPLIST_FILE = RecipeBook/Resources/Info.plist;
				LD_RUNPATH_SEARCH_PATHS = (
					"$(inherited)",
					"@executable_path/Frameworks",
				);
				PRODUCT_BUNDLE_IDENTIFIER = senkill.RecipeBook;
				PRODUCT_NAME = "$(TARGET_NAME)";
				SWIFT_VERSION = 5.0;
				TARGETED_DEVICE_FAMILY = "1,2";
			};
			name = Release;
		};
		F77D676427B8D578001F02E9 /* Debug */ = {
			isa = XCBuildConfiguration;
			baseConfigurationReference = 10ACB6084EBA34A5B3F46E34 /* Pods-RecipeBookTests.debug.xcconfig */;
			buildSettings = {
				ALWAYS_EMBED_SWIFT_STANDARD_LIBRARIES = YES;
				BUNDLE_LOADER = "$(TEST_HOST)";
				CODE_SIGN_STYLE = Automatic;
				DEVELOPMENT_TEAM = ZKRYANSM8S;
				INFOPLIST_FILE = RecipeBookTests/Info.plist;
				IPHONEOS_DEPLOYMENT_TARGET = 14.4;
				LD_RUNPATH_SEARCH_PATHS = (
					"$(inherited)",
					"@executable_path/Frameworks",
					"@loader_path/Frameworks",
				);
				PRODUCT_BUNDLE_IDENTIFIER = senkill.RecipeBookTests;
				PRODUCT_NAME = "$(TARGET_NAME)";
				SWIFT_VERSION = 5.0;
				TARGETED_DEVICE_FAMILY = "1,2";
				TEST_HOST = "$(BUILT_PRODUCTS_DIR)/RecipeBook.app/RecipeBook";
			};
			name = Debug;
		};
		F77D676527B8D578001F02E9 /* Release */ = {
			isa = XCBuildConfiguration;
			baseConfigurationReference = 8082520F8C7F2DB0391ECCA5 /* Pods-RecipeBookTests.release.xcconfig */;
			buildSettings = {
				ALWAYS_EMBED_SWIFT_STANDARD_LIBRARIES = YES;
				BUNDLE_LOADER = "$(TEST_HOST)";
				CODE_SIGN_STYLE = Automatic;
				DEVELOPMENT_TEAM = ZKRYANSM8S;
				INFOPLIST_FILE = RecipeBookTests/Info.plist;
				IPHONEOS_DEPLOYMENT_TARGET = 14.4;
				LD_RUNPATH_SEARCH_PATHS = (
					"$(inherited)",
					"@executable_path/Frameworks",
					"@loader_path/Frameworks",
				);
				PRODUCT_BUNDLE_IDENTIFIER = senkill.RecipeBookTests;
				PRODUCT_NAME = "$(TARGET_NAME)";
				SWIFT_VERSION = 5.0;
				TARGETED_DEVICE_FAMILY = "1,2";
				TEST_HOST = "$(BUILT_PRODUCTS_DIR)/RecipeBook.app/RecipeBook";
			};
			name = Release;
		};
		F77D676727B8D578001F02E9 /* Debug */ = {
			isa = XCBuildConfiguration;
			baseConfigurationReference = 5791EB3F98173069EDEED05B /* Pods-RecipeBook-RecipeBookUITests.debug.xcconfig */;
			buildSettings = {
				ALWAYS_EMBED_SWIFT_STANDARD_LIBRARIES = YES;
				CODE_SIGN_STYLE = Automatic;
				DEVELOPMENT_TEAM = ZKRYANSM8S;
				INFOPLIST_FILE = RecipeBookUITests/Info.plist;
				LD_RUNPATH_SEARCH_PATHS = (
					"$(inherited)",
					"@executable_path/Frameworks",
					"@loader_path/Frameworks",
				);
				PRODUCT_BUNDLE_IDENTIFIER = senkill.RecipeBookUITests;
				PRODUCT_NAME = "$(TARGET_NAME)";
				SWIFT_VERSION = 5.0;
				TARGETED_DEVICE_FAMILY = "1,2";
				TEST_TARGET_NAME = RecipeBook;
			};
			name = Debug;
		};
		F77D676827B8D578001F02E9 /* Release */ = {
			isa = XCBuildConfiguration;
			baseConfigurationReference = 138322C13057DFCB68FDC6CD /* Pods-RecipeBook-RecipeBookUITests.release.xcconfig */;
			buildSettings = {
				ALWAYS_EMBED_SWIFT_STANDARD_LIBRARIES = YES;
				CODE_SIGN_STYLE = Automatic;
				DEVELOPMENT_TEAM = ZKRYANSM8S;
				INFOPLIST_FILE = RecipeBookUITests/Info.plist;
				LD_RUNPATH_SEARCH_PATHS = (
					"$(inherited)",
					"@executable_path/Frameworks",
					"@loader_path/Frameworks",
				);
				PRODUCT_BUNDLE_IDENTIFIER = senkill.RecipeBookUITests;
				PRODUCT_NAME = "$(TARGET_NAME)";
				SWIFT_VERSION = 5.0;
				TARGETED_DEVICE_FAMILY = "1,2";
				TEST_TARGET_NAME = RecipeBook;
			};
			name = Release;
		};
/* End XCBuildConfiguration section */

/* Begin XCConfigurationList section */
		F77D672E27B8D576001F02E9 /* Build configuration list for PBXProject "RecipeBook" */ = {
			isa = XCConfigurationList;
			buildConfigurations = (
				F77D675E27B8D578001F02E9 /* Debug */,
				F77D675F27B8D578001F02E9 /* Release */,
			);
			defaultConfigurationIsVisible = 0;
			defaultConfigurationName = Release;
		};
		F77D676027B8D578001F02E9 /* Build configuration list for PBXNativeTarget "RecipeBook" */ = {
			isa = XCConfigurationList;
			buildConfigurations = (
				F77D676127B8D578001F02E9 /* Debug */,
				F77D676227B8D578001F02E9 /* Release */,
			);
			defaultConfigurationIsVisible = 0;
			defaultConfigurationName = Release;
		};
		F77D676327B8D578001F02E9 /* Build configuration list for PBXNativeTarget "RecipeBookTests" */ = {
			isa = XCConfigurationList;
			buildConfigurations = (
				F77D676427B8D578001F02E9 /* Debug */,
				F77D676527B8D578001F02E9 /* Release */,
			);
			defaultConfigurationIsVisible = 0;
			defaultConfigurationName = Release;
		};
		F77D676627B8D578001F02E9 /* Build configuration list for PBXNativeTarget "RecipeBookUITests" */ = {
			isa = XCConfigurationList;
			buildConfigurations = (
				F77D676727B8D578001F02E9 /* Debug */,
				F77D676827B8D578001F02E9 /* Release */,
			);
			defaultConfigurationIsVisible = 0;
			defaultConfigurationName = Release;
		};
/* End XCConfigurationList section */

/* Begin XCVersionGroup section */
		F77D673F27B8D576001F02E9 /* RecipeBook.xcdatamodeld */ = {
			isa = XCVersionGroup;
			children = (
				F77D674027B8D576001F02E9 /* RecipeBook.xcdatamodel */,
			);
			currentVersion = F77D674027B8D576001F02E9 /* RecipeBook.xcdatamodel */;
			path = RecipeBook.xcdatamodeld;
			sourceTree = "<group>";
			versionGroupType = wrapper.xcdatamodel;
		};
/* End XCVersionGroup section */
	};
	rootObject = F77D672B27B8D576001F02E9 /* Project object */;
}
